
Microsoft Visual Studio Solution File, Format Version 12.00
# Visual Studio Version 16
VisualStudioVersion = 16.0.30309.148
MinimumVisualStudioVersion = 10.0.40219.1
Project("{8BC9CEB8-8B4A-11D0-8D11-00A0C91BC942}") = "Missing Number", "Missing Number.vcxproj", "{F5972B73-A784-403A-8BF9-11FEF4FBFD35}"
EndProject
Project("{8BC9CEB8-8B4A-11D0-8D11-00A0C91BC942}") = "Repetitions", "..\Repetitions\Repetitions.vcxproj", "{88E69B05-D532-4F01-ADDF-9387A19E9BEE}"
EndProject
Global
	GlobalSection(SolutionConfigurationPlatforms) = preSolution
		Debug|x64 = Debug|x64
		Debug|x86 = Debug|x86
		Release|x64 = Release|x64
		Release|x86 = Release|x86
	EndGlobalSection
	GlobalSection(ProjectConfigurationPlatforms) = postSolution
		{F5972B73-A784-403A-8BF9-11FEF4FBFD35}.Debug|x64.ActiveCfg = Debug|x64
		{F5972B73-A784-403A-8BF9-11FEF4FBFD35}.Debug|x64.Build.0 = Debug|x64
		{F5972B73-A784-403A-8BF9-11FEF4FBFD35}.Debug|x86.ActiveCfg = Debug|Win32
		{F5972B73-A784-403A-8BF9-11FEF4FBFD35}.Debug|x86.Build.0 = Debug|Win32
		{F5972B73-A784-403A-8BF9-11FEF4FBFD35}.Release|x64.ActiveCfg = Release|x64
		{F5972B73-A784-403A-8BF9-11FEF4FBFD35}.Release|x64.Build.0 = Release|x64
		{F5972B73-A784-403A-8BF9-11FEF4FBFD35}.Release|x86.ActiveCfg = Release|Win32
		{F5972B73-A784-403A-8BF9-11FEF4FBFD35}.Release|x86.Build.0 = Release|Win32
		{88E69B05-D532-4F01-ADDF-9387A19E9BEE}.Debug|x64.ActiveCfg = Debug|x64
		{88E69B05-D532-4F01-ADDF-9387A19E9BEE}.Debug|x64.Build.0 = Debug|x64
		{88E69B05-D532-4F01-ADDF-9387A19E9BEE}.Debug|x86.ActiveCfg = Debug|Win32
		{88E69B05-D532-4F01-ADDF-9387A19E9BEE}.Debug|x86.Build.0 = Debug|Win32
		{88E69B05-D532-4F01-ADDF-9387A19E9BEE}.Release|x64.ActiveCfg = Release|x64
		{88E69B05-D532-4F01-ADDF-9387A19E9BEE}.Release|x64.Build.0 = Release|x64
		{88E69B05-D532-4F01-ADDF-9387A19E9BEE}.Release|x86.ActiveCfg = Release|Win32
		{88E69B05-D532-4F01-ADDF-9387A19E9BEE}.Release|x86.Build.0 = Release|Win32
	EndGlobalSection
	GlobalSection(SolutionProperties) = preSolution
		HideSolutionNode = FALSE
	EndGlobalSection
	GlobalSection(ExtensibilityGlobals) = postSolution
		SolutionGuid = {75169C5E-4C24-4249-B364-965592FCC3F9}
	EndGlobalSection
EndGlobal
